# THIS IS AN AUTOGENERATED FILE. DO NOT EDIT THIS FILE DIRECTLY.
# yarn lockfile v1


"@stitches/css@^9.0.0-alpha.4":
  version "9.0.0-alpha.8"
  resolved "https://registry.yarnpkg.com/@stitches/css/-/css-9.0.0-alpha.8.tgz#272133a79baf33331ca66b4b0ced3ae71b916288"
  integrity sha512-EuKpHng8yYqGxxkPy7IHtLgcdqnHVVtTajDHjxlGhiQeWqGIahYye3KPJnG7NFINhgyf3CpmcZGSJpTMnXU9DQ==
  dependencies:
    "@types/node" "^13.11.1"
    tslib "^1.11.1"

"@stitches/vue-directive@^9.0.0-alpha.4":
  version "9.0.0-alpha.4"
  resolved "https://registry.yarnpkg.com/@stitches/vue-directive/-/vue-directive-9.0.0-alpha.4.tgz#d7828c4312069c774643eebf10dad25ccbc61202"
  integrity sha512-U4NlouGTC8Rci09YwiLzTAhsXmiiQuYqc9b2leyIb3GzGK+3DmTUsNRVLSUvlJ6xBEabc9pvO5vUHrlPT2G7Yw==
  dependencies:
    "@stitches/css" "^9.0.0-alpha.4"
    "@types/node" "^13.11.1"
    tslib "^1.11.1"

"@types/node@^13.11.1":
  version "13.13.52"
  resolved "https://registry.yarnpkg.com/@types/node/-/node-13.13.52.tgz#03c13be70b9031baaed79481c0c0cfb0045e53f7"
  integrity sha512-s3nugnZumCC//n4moGGe6tkNMyYEdaDBitVjwPxXmR5lnMG5dHePinH2EdxkG3Rh1ghFHHixAG4NJhpJW1rthQ==

debug@^4.1.1:
  version "4.3.4"
  resolved "https://registry.yarnpkg.com/debug/-/debug-4.3.4.tgz#1319f6579357f2338d3337d2cdd4914bb5dcc865"
  integrity sha512-PRWFHuSU3eDtQJPvnNY7Jcket1j0t5OuOsFzPPzsekD52Zl8qUfFIPEiswXqIvHWGVHOgX+7G/vCNNhehwxfkQ==
  dependencies:
    ms "2.1.2"

estree-walker@^0.6.1:
  version "0.6.1"
  resolved "https://registry.yarnpkg.com/estree-walker/-/estree-walker-0.6.1.tgz#53049143f40c6eb918b23671d1fe3219f3a1b362"
  integrity sha512-SqmZANLWS0mnatqbSfRP5g8OXZC12Fgg1IwNtLsyHDzJizORW4khDfjPqJZsemPWBB2uqykUah5YpQ6epsqC/w==

fsevents@~2.3.2:
  version "2.3.2"
  resolved "https://registry.yarnpkg.com/fsevents/-/fsevents-2.3.2.tgz#8a526f78b8fdf4623b709e0b975c52c24c02fd1a"
  integrity sha512-xiqMQR4xAeHTuB9uWm+fFRcIOgKBMiOBP+eXiyT7jsgVCq1bkVygt00oASowB7EdtpOHaaPgKt812P9ab+DDKA==

hash-sum@^2.0.0:
  version "2.0.0"
  resolved "https://registry.yarnpkg.com/hash-sum/-/hash-sum-2.0.0.tgz#81d01bb5de8ea4a214ad5d6ead1b523460b0b45a"
  integrity sha512-WdZTbAByD+pHfl/g9QSsBIIwy8IT+EsPiKDs0KNX+zSHhdDLFKdZu0BQHljvO+0QI/BasbMSUa8wYNCZTvhslg==

ms@2.1.2:
  version "2.1.2"
  resolved "https://registry.yarnpkg.com/ms/-/ms-2.1.2.tgz#d09d1f357b443f493382a8eb3ccd183872ae6009"
  integrity sha512-sGkPx+VjMtmA6MX27oA4FBFELFCZZ4S4XqeGOXCv68tT+jb3vk/RyaKWP0PTKyWtmLSM0b+adUTEvbs1PEaH2w==

rollup-plugin-peer-deps-external@^2.2.4:
  version "2.2.4"
  resolved "https://registry.yarnpkg.com/rollup-plugin-peer-deps-external/-/rollup-plugin-peer-deps-external-2.2.4.tgz#8a420bbfd6dccc30aeb68c9bf57011f2f109570d"
  integrity sha512-AWdukIM1+k5JDdAqV/Cxd+nejvno2FVLVeZ74NKggm3Q5s9cbbcOgUPGdbxPi4BXu7xGaZ8HG12F+thImYu/0g==

rollup-plugin-vue@^6.0.0:
  version "6.0.0"
  resolved "https://registry.yarnpkg.com/rollup-plugin-vue/-/rollup-plugin-vue-6.0.0.tgz#e379e93e5ae9a8648522f698be2e452e8672aaf2"
  integrity sha512-oVvUd84d5u73M2HYM3XsMDLtZRIA/tw2U0dmHlXU2UWP5JARYHzh/U9vcxaN/x/9MrepY7VH3pHFeOhrWpxs/Q==
  dependencies:
    debug "^4.1.1"
    hash-sum "^2.0.0"
    rollup-pluginutils "^2.8.2"

rollup-pluginutils@^2.8.2:
  version "2.8.2"
  resolved "https://registry.yarnpkg.com/rollup-pluginutils/-/rollup-pluginutils-2.8.2.tgz#72f2af0748b592364dbd3389e600e5a9444a351e"
  integrity sha512-EEp9NhnUkwY8aif6bxgovPHMoMoNr2FulJziTndpt5H9RdwC47GSGuII9XxpSdzVGM0GWrNPHV6ie1LTNJPaLQ==
  dependencies:
    estree-walker "^0.6.1"

rollup@^2.79.0:
  version "2.79.0"
  resolved "https://registry.yarnpkg.com/rollup/-/rollup-2.79.0.tgz#9177992c9f09eb58c5e56cbfa641607a12b57ce2"
  integrity sha512-x4KsrCgwQ7ZJPcFA/SUu6QVcYlO7uRLfLAy0DSA4NS2eG8japdbpM50ToH7z4iObodRYOJ0soneF0iaQRJ6zhA==
  optionalDependencies:
    fsevents "~2.3.2"

tslib@^1.11.1:
  version "1.14.1"
  resolved "https://registry.yarnpkg.com/tslib/-/tslib-1.14.1.tgz#cf2d38bdc34a134bcaf1091c41f6619e2f672d00"
  integrity sha512-Xni35NKzjgMrwevysHTCArtLDpPvye8zV/0E4EyYn43P7/7qvQwPh9BGkHewbMulVntbigmcT7rdX3BNo9wRJg==
